
Microsoft Visual Studio Solution File, Format Version 12.00
# Visual Studio Version 17
VisualStudioVersion = 17.9.34714.143
MinimumVisualStudioVersion = 10.0.40219.1
Project("{FAE04EC0-301F-11D3-BF4B-00C04F79EFBC}") = "QuanLyBanDoAnOnline", "QuanLyBanDoAnOnline.csproj", "{A2BC7FDB-96F0-4220-AB77-8DDFD675DFB4}"
EndProject
Global
	GlobalSection(SolutionConfigurationPlatforms) = preSolution
		Debug|Any CPU = Debug|Any CPU
		Release|Any CPU = Release|Any CPU
	EndGlobalSection
	GlobalSection(ProjectConfigurationPlatforms) = postSolution
		{A2BC7FDB-96F0-4220-AB77-8DDFD675DFB4}.Debug|Any CPU.ActiveCfg = Debug|Any CPU
		{A2BC7FDB-96F0-4220-AB77-8DDFD675DFB4}.Debug|Any CPU.Build.0 = Debug|Any CPU
		{A2BC7FDB-96F0-4220-AB77-8DDFD675DFB4}.Release|Any CPU.ActiveCfg = Release|Any CPU
		{A2BC7FDB-96F0-4220-AB77-8DDFD675DFB4}.Release|Any CPU.Build.0 = Release|Any CPU
	EndGlobalSection
	GlobalSection(SolutionProperties) = preSolution
		HideSolutionNode = FALSE
	EndGlobalSection
	GlobalSection(ExtensibilityGlobals) = postSolution
		SolutionGuid = {E1A35D78-7D60-4440-ABD3-03CBB0ACD3A3}
	EndGlobalSection
EndGlobal
